// !$*UTF8*$!
{
	archiveVersion = 1;
	classes = {
	};
	objectVersion = 56;
	objects = {

/* Begin PBXBuildFile section */
		6103AEFF2C089AC5001588E7 /* BassMIDIModel.swift in Sources */ = {isa = PBXBuildFile; fileRef = 6103AEFE2C089AC5001588E7 /* BassMIDIModel.swift */; };
		611D53BE2C089F9800644846 /* Bass in Frameworks */ = {isa = PBXBuildFile; productRef = 611D53BD2C089F9800644846 /* Bass */; };
		611D53C02C089F9800644846 /* BassApe in Frameworks */ = {isa = PBXBuildFile; productRef = 611D53BF2C089F9800644846 /* BassApe */; };
		611D53C22C089F9800644846 /* BassDSD in Frameworks */ = {isa = PBXBuildFile; productRef = 611D53C12C089F9800644846 /* BassDSD */; };
		611D53C42C089F9800644846 /* BassENC in Frameworks */ = {isa = PBXBuildFile; productRef = 611D53C32C089F9800644846 /* BassENC */; };
		611D53C62C089F9800644846 /* BassENC.FLAC in Frameworks */ = {isa = PBXBuildFile; productRef = 611D53C52C089F9800644846 /* BassENC.FLAC */; };
		611D53C82C089F9800644846 /* BassENC.MP3 in Frameworks */ = {isa = PBXBuildFile; productRef = 611D53C72C089F9800644846 /* BassENC.MP3 */; };
		611D53CA2C089F9800644846 /* BassENC.OGG in Frameworks */ = {isa = PBXBuildFile; productRef = 611D53C92C089F9800644846 /* BassENC.OGG */; };
		611D53CC2C089F9800644846 /* BassENC.Opus in Frameworks */ = {isa = PBXBuildFile; productRef = 611D53CB2C089F9800644846 /* BassENC.Opus */; };
		611D53CE2C089F9800644846 /* BassFX in Frameworks */ = {isa = PBXBuildFile; productRef = 611D53CD2C089F9800644846 /* BassFX */; };
		611D53D02C089F9800644846 /* BassHLS in Frameworks */ = {isa = PBXBuildFile; productRef = 611D53CF2C089F9800644846 /* BassHLS */; };
		611D53D22C089F9800644846 /* BassLoud in Frameworks */ = {isa = PBXBuildFile; productRef = 611D53D12C089F9800644846 /* BassLoud */; };
		611D53D42C089F9800644846 /* BassMIDI in Frameworks */ = {isa = PBXBuildFile; productRef = 611D53D32C089F9800644846 /* BassMIDI */; };
		611D53D62C089F9800644846 /* BassMPC in Frameworks */ = {isa = PBXBuildFile; productRef = 611D53D52C089F9800644846 /* BassMPC */; };
		611D53D82C089F9800644846 /* BassMix in Frameworks */ = {isa = PBXBuildFile; productRef = 611D53D72C089F9800644846 /* BassMix */; };
		611D53DA2C089F9800644846 /* BassOpus in Frameworks */ = {isa = PBXBuildFile; productRef = 611D53D92C089F9800644846 /* BassOpus */; };
		611D53DC2C089F9800644846 /* BassSPX in Frameworks */ = {isa = PBXBuildFile; productRef = 611D53DB2C089F9800644846 /* BassSPX */; };
		611D53DE2C089F9800644846 /* BassTTA in Frameworks */ = {isa = PBXBuildFile; productRef = 611D53DD2C089F9800644846 /* BassTTA */; };
		611D53E02C089F9800644846 /* BassVST in Frameworks */ = {isa = PBXBuildFile; productRef = 611D53DF2C089F9800644846 /* BassVST */; };
		611D53E22C089F9800644846 /* BassWV in Frameworks */ = {isa = PBXBuildFile; productRef = 611D53E12C089F9800644846 /* BassWV */; };
		611D53E42C089F9800644846 /* BassWebM in Frameworks */ = {isa = PBXBuildFile; productRef = 611D53E32C089F9800644846 /* BassWebM */; };
		611D53E62C089F9800644846 /* CBass in Frameworks */ = {isa = PBXBuildFile; productRef = 611D53E52C089F9800644846 /* CBass */; };
		611D53E82C089F9800644846 /* Tags in Frameworks */ = {isa = PBXBuildFile; productRef = 611D53E72C089F9800644846 /* Tags */; };
		611D53EA2C08A0AE00644846 /* YDP-GrandPiano.sf2 in Resources */ = {isa = PBXBuildFile; fileRef = 611D53E92C08A0AE00644846 /* YDP-GrandPiano.sf2 */; };
		611D53EC2C08A6FD00644846 /* Strauss Persian March.mid in Resources */ = {isa = PBXBuildFile; fileRef = 611D53EB2C08A6FD00644846 /* Strauss Persian March.mid */; };
		611D53EE2C08D19200644846 /* SimpleModel.swift in Sources */ = {isa = PBXBuildFile; fileRef = 611D53ED2C08D19200644846 /* SimpleModel.swift */; };
		611D54102C09024F00644846 /* Liszt_-_Hungarian_Rhapsody_No._2.mid in Resources */ = {isa = PBXBuildFile; fileRef = 611D540F2C09024F00644846 /* Liszt_-_Hungarian_Rhapsody_No._2.mid */; };
		613EA5032BFCAC8300FE41C4 /* JoyToTheWorld.mid in Resources */ = {isa = PBXBuildFile; fileRef = 613EA5022BFCAC8300FE41C4 /* JoyToTheWorld.mid */; };
		6145D7112C09CA1500EADA6A /* Views.swift in Sources */ = {isa = PBXBuildFile; fileRef = 6145D7102C09CA1500EADA6A /* Views.swift */; };
		61C6A0CF2C039FBE00854F5E /* Tests.swift in Sources */ = {isa = PBXBuildFile; fileRef = 61C6A0CE2C039FBE00854F5E /* Tests.swift */; };
		61F35DF62BFC9DEE00204C90 /* CBass_TestsApp.swift in Sources */ = {isa = PBXBuildFile; fileRef = 61F35DF52BFC9DEE00204C90 /* CBass_TestsApp.swift */; };
		61F35DF82BFC9DEE00204C90 /* ContentView.swift in Sources */ = {isa = PBXBuildFile; fileRef = 61F35DF72BFC9DEE00204C90 /* ContentView.swift */; };
		61F35DFA2BFC9DF000204C90 /* Assets.xcassets in Resources */ = {isa = PBXBuildFile; fileRef = 61F35DF92BFC9DF000204C90 /* Assets.xcassets */; };
		61F35DFD2BFC9DF000204C90 /* Preview Assets.xcassets in Resources */ = {isa = PBXBuildFile; fileRef = 61F35DFC2BFC9DF000204C90 /* Preview Assets.xcassets */; };
/* End PBXBuildFile section */

/* Begin PBXFileReference section */
		6103AEFE2C089AC5001588E7 /* BassMIDIModel.swift */ = {isa = PBXFileReference; lastKnownFileType = sourcecode.swift; path = BassMIDIModel.swift; sourceTree = "<group>"; };
		6103AF1B2C089DA0001588E7 /* CBass Tests.entitlements */ = {isa = PBXFileReference; lastKnownFileType = text.plist.entitlements; path = "CBass Tests.entitlements"; sourceTree = "<group>"; };
		611D53E92C08A0AE00644846 /* YDP-GrandPiano.sf2 */ = {isa = PBXFileReference; lastKnownFileType = file; name = "YDP-GrandPiano.sf2"; path = "../../../YDP-GrandPiano.sf2"; sourceTree = "<group>"; };
		611D53EB2C08A6FD00644846 /* Strauss Persian March.mid */ = {isa = PBXFileReference; lastKnownFileType = audio.midi; name = "Strauss Persian March.mid"; path = "../../../Pianiso.assets.ignore/Musical-Notation Formats/Finale/Strauss Persian March.mid"; sourceTree = "<group>"; };
		611D53ED2C08D19200644846 /* SimpleModel.swift */ = {isa = PBXFileReference; lastKnownFileType = sourcecode.swift; path = SimpleModel.swift; sourceTree = "<group>"; };
		611D540F2C09024F00644846 /* Liszt_-_Hungarian_Rhapsody_No._2.mid */ = {isa = PBXFileReference; lastKnownFileType = audio.midi; name = "Liszt_-_Hungarian_Rhapsody_No._2.mid"; path = "../../../Pianiso.assets.ignore/Musical-Notation Formats/Finale/Liszt_-_Hungarian_Rhapsody_No._2.mid"; sourceTree = "<group>"; };
		613EA5022BFCAC8300FE41C4 /* JoyToTheWorld.mid */ = {isa = PBXFileReference; lastKnownFileType = audio.midi; path = JoyToTheWorld.mid; sourceTree = "<group>"; };
		6145D7102C09CA1500EADA6A /* Views.swift */ = {isa = PBXFileReference; lastKnownFileType = sourcecode.swift; path = Views.swift; sourceTree = "<group>"; };
		61C6A0CE2C039FBE00854F5E /* Tests.swift */ = {isa = PBXFileReference; lastKnownFileType = sourcecode.swift; path = Tests.swift; sourceTree = "<group>"; };
		61F35DF22BFC9DEE00204C90 /* CBass Tests.app */ = {isa = PBXFileReference; explicitFileType = wrapper.application; includeInIndex = 0; path = "CBass Tests.app"; sourceTree = BUILT_PRODUCTS_DIR; };
		61F35DF52BFC9DEE00204C90 /* CBass_TestsApp.swift */ = {isa = PBXFileReference; lastKnownFileType = sourcecode.swift; path = CBass_TestsApp.swift; sourceTree = "<group>"; };
		61F35DF72BFC9DEE00204C90 /* ContentView.swift */ = {isa = PBXFileReference; lastKnownFileType = sourcecode.swift; path = ContentView.swift; sourceTree = "<group>"; };
		61F35DF92BFC9DF000204C90 /* Assets.xcassets */ = {isa = PBXFileReference; lastKnownFileType = folder.assetcatalog; path = Assets.xcassets; sourceTree = "<group>"; };
		61F35DFC2BFC9DF000204C90 /* Preview Assets.xcassets */ = {isa = PBXFileReference; lastKnownFileType = folder.assetcatalog; path = "Preview Assets.xcassets"; sourceTree = "<group>"; };
/* End PBXFileReference section */

/* Begin PBXFrameworksBuildPhase section */
		61F35DEF2BFC9DEE00204C90 /* Frameworks */ = {
			isa = PBXFrameworksBuildPhase;
			buildActionMask = 2147483647;
			files = (
				611D53E42C089F9800644846 /* BassWebM in Frameworks */,
				611D53CC2C089F9800644846 /* BassENC.Opus in Frameworks */,
				611D53D22C089F9800644846 /* BassLoud in Frameworks */,
				611D53E22C089F9800644846 /* BassWV in Frameworks */,
				611D53D62C089F9800644846 /* BassMPC in Frameworks */,
				611D53C22C089F9800644846 /* BassDSD in Frameworks */,
				611D53E62C089F9800644846 /* CBass in Frameworks */,
				611D53CE2C089F9800644846 /* BassFX in Frameworks */,
				611D53D42C089F9800644846 /* BassMIDI in Frameworks */,
				611D53CA2C089F9800644846 /* BassENC.OGG in Frameworks */,
				611D53DA2C089F9800644846 /* BassOpus in Frameworks */,
				611D53C02C089F9800644846 /* BassApe in Frameworks */,
				611D53C82C089F9800644846 /* BassENC.MP3 in Frameworks */,
				611D53E82C089F9800644846 /* Tags in Frameworks */,
				611D53C42C089F9800644846 /* BassENC in Frameworks */,
				611D53DC2C089F9800644846 /* BassSPX in Frameworks */,
				611D53C62C089F9800644846 /* BassENC.FLAC in Frameworks */,
				611D53BE2C089F9800644846 /* Bass in Frameworks */,
				611D53D82C089F9800644846 /* BassMix in Frameworks */,
				611D53E02C089F9800644846 /* BassVST in Frameworks */,
				611D53D02C089F9800644846 /* BassHLS in Frameworks */,
				611D53DE2C089F9800644846 /* BassTTA in Frameworks */,
			);
			runOnlyForDeploymentPostprocessing = 0;
		};
/* End PBXFrameworksBuildPhase section */

/* Begin PBXGroup section */
		61F35DE92BFC9DEE00204C90 = {
			isa = PBXGroup;
			children = (
				61F35DF42BFC9DEE00204C90 /* CBass Tests */,
				61F35DF32BFC9DEE00204C90 /* Products */,
			);
			sourceTree = "<group>";
		};
		61F35DF32BFC9DEE00204C90 /* Products */ = {
			isa = PBXGroup;
			children = (
				61F35DF22BFC9DEE00204C90 /* CBass Tests.app */,
			);
			name = Products;
			sourceTree = "<group>";
		};
		61F35DF42BFC9DEE00204C90 /* CBass Tests */ = {
			isa = PBXGroup;
			children = (
				6103AF1B2C089DA0001588E7 /* CBass Tests.entitlements */,
				61F35DF52BFC9DEE00204C90 /* CBass_TestsApp.swift */,
				61F35DF72BFC9DEE00204C90 /* ContentView.swift */,
				61C6A0CE2C039FBE00854F5E /* Tests.swift */,
				611D53ED2C08D19200644846 /* SimpleModel.swift */,
				6145D7102C09CA1500EADA6A /* Views.swift */,
				611D53E92C08A0AE00644846 /* YDP-GrandPiano.sf2 */,
				61F35DF92BFC9DF000204C90 /* Assets.xcassets */,
				613EA5022BFCAC8300FE41C4 /* JoyToTheWorld.mid */,
				611D540F2C09024F00644846 /* Liszt_-_Hungarian_Rhapsody_No._2.mid */,
				611D53EB2C08A6FD00644846 /* Strauss Persian March.mid */,
				61F35DFB2BFC9DF000204C90 /* Preview Content */,
				6103AEFE2C089AC5001588E7 /* BassMIDIModel.swift */,
			);
			path = "CBass Tests";
			sourceTree = "<group>";
		};
		61F35DFB2BFC9DF000204C90 /* Preview Content */ = {
			isa = PBXGroup;
			children = (
				61F35DFC2BFC9DF000204C90 /* Preview Assets.xcassets */,
			);
			path = "Preview Content";
			sourceTree = "<group>";
		};
/* End PBXGroup section */

/* Begin PBXNativeTarget section */
		61F35DF12BFC9DEE00204C90 /* CBass Tests */ = {
			isa = PBXNativeTarget;
			buildConfigurationList = 61F35E002BFC9DF000204C90 /* Build configuration list for PBXNativeTarget "CBass Tests" */;
			buildPhases = (
				61F35DEE2BFC9DEE00204C90 /* Sources */,
				61F35DEF2BFC9DEE00204C90 /* Frameworks */,
				61F35DF02BFC9DEE00204C90 /* Resources */,
			);
			buildRules = (
			);
			dependencies = (
			);
			name = "CBass Tests";
			packageProductDependencies = (
				611D53BD2C089F9800644846 /* Bass */,
				611D53BF2C089F9800644846 /* BassApe */,
				611D53C12C089F9800644846 /* BassDSD */,
				611D53C32C089F9800644846 /* BassENC */,
				611D53C52C089F9800644846 /* BassENC.FLAC */,
				611D53C72C089F9800644846 /* BassENC.MP3 */,
				611D53C92C089F9800644846 /* BassENC.OGG */,
				611D53CB2C089F9800644846 /* BassENC.Opus */,
				611D53CD2C089F9800644846 /* BassFX */,
				611D53CF2C089F9800644846 /* BassHLS */,
				611D53D12C089F9800644846 /* BassLoud */,
				611D53D32C089F9800644846 /* BassMIDI */,
				611D53D52C089F9800644846 /* BassMPC */,
				611D53D72C089F9800644846 /* BassMix */,
				611D53D92C089F9800644846 /* BassOpus */,
				611D53DB2C089F9800644846 /* BassSPX */,
				611D53DD2C089F9800644846 /* BassTTA */,
				611D53DF2C089F9800644846 /* BassVST */,
				611D53E12C089F9800644846 /* BassWV */,
				611D53E32C089F9800644846 /* BassWebM */,
				611D53E52C089F9800644846 /* CBass */,
				611D53E72C089F9800644846 /* Tags */,
			);
			productName = "CBass Tests";
			productReference = 61F35DF22BFC9DEE00204C90 /* CBass Tests.app */;
			productType = "com.apple.product-type.application";
		};
/* End PBXNativeTarget section */

/* Begin PBXProject section */
		61F35DEA2BFC9DEE00204C90 /* Project object */ = {
			isa = PBXProject;
			attributes = {
				BuildIndependentTargetsInParallel = 1;
				LastSwiftUpdateCheck = 1520;
				LastUpgradeCheck = 1520;
				TargetAttributes = {
					61F35DF12BFC9DEE00204C90 = {
						CreatedOnToolsVersion = 15.2;
					};
				};
			};
			buildConfigurationList = 61F35DED2BFC9DEE00204C90 /* Build configuration list for PBXProject "CBass Tests" */;
			compatibilityVersion = "Xcode 14.0";
			developmentRegion = en;
			hasScannedForEncodings = 0;
			knownRegions = (
				en,
				Base,
			);
			mainGroup = 61F35DE92BFC9DEE00204C90;
			packageReferences = (
				611D53BC2C089F9800644846 /* XCRemoteSwiftPackageReference "CBass" */,
			);
			productRefGroup = 61F35DF32BFC9DEE00204C90 /* Products */;
			projectDirPath = "";
			projectRoot = "";
			targets = (
				61F35DF12BFC9DEE00204C90 /* CBass Tests */,
			);
		};
/* End PBXProject section */

/* Begin PBXResourcesBuildPhase section */
		61F35DF02BFC9DEE00204C90 /* Resources */ = {
			isa = PBXResourcesBuildPhase;
			buildActionMask = 2147483647;
			files = (
				611D54102C09024F00644846 /* Liszt_-_Hungarian_Rhapsody_No._2.mid in Resources */,
				611D53EA2C08A0AE00644846 /* YDP-GrandPiano.sf2 in Resources */,
				61F35DFD2BFC9DF000204C90 /* Preview Assets.xcassets in Resources */,
				613EA5032BFCAC8300FE41C4 /* JoyToTheWorld.mid in Resources */,
				61F35DFA2BFC9DF000204C90 /* Assets.xcassets in Resources */,
				611D53EC2C08A6FD00644846 /* Strauss Persian March.mid in Resources */,
			);
			runOnlyForDeploymentPostprocessing = 0;
		};
/* End PBXResourcesBuildPhase section */

/* Begin PBXSourcesBuildPhase section */
		61F35DEE2BFC9DEE00204C90 /* Sources */ = {
			isa = PBXSourcesBuildPhase;
			buildActionMask = 2147483647;
			files = (
				61F35DF82BFC9DEE00204C90 /* ContentView.swift in Sources */,
				611D53EE2C08D19200644846 /* SimpleModel.swift in Sources */,
				6145D7112C09CA1500EADA6A /* Views.swift in Sources */,
				61C6A0CF2C039FBE00854F5E /* Tests.swift in Sources */,
				61F35DF62BFC9DEE00204C90 /* CBass_TestsApp.swift in Sources */,
				6103AEFF2C089AC5001588E7 /* BassMIDIModel.swift in Sources */,
			);
			runOnlyForDeploymentPostprocessing = 0;
		};
/* End PBXSourcesBuildPhase section */

/* Begin XCBuildConfiguration section */
		61F35DFE2BFC9DF000204C90 /* Debug */ = {
			isa = XCBuildConfiguration;
			buildSettings = {
				ALWAYS_SEARCH_USER_PATHS = NO;
				ASSETCATALOG_COMPILER_GENERATE_SWIFT_ASSET_SYMBOL_EXTENSIONS = YES;
				CLANG_ANALYZER_NONNULL = YES;
				CLANG_ANALYZER_NUMBER_OBJECT_CONVERSION = YES_AGGRESSIVE;
				CLANG_CXX_LANGUAGE_STANDARD = "gnu++20";
				CLANG_ENABLE_MODULES = YES;
				CLANG_ENABLE_OBJC_ARC = YES;
				CLANG_ENABLE_OBJC_WEAK = YES;
				CLANG_WARN_BLOCK_CAPTURE_AUTORELEASING = YES;
				CLANG_WARN_BOOL_CONVERSION = YES;
				CLANG_WARN_COMMA = YES;
				CLANG_WARN_CONSTANT_CONVERSION = YES;
				CLANG_WARN_DEPRECATED_OBJC_IMPLEMENTATIONS = YES;
				CLANG_WARN_DIRECT_OBJC_ISA_USAGE = YES_ERROR;
				CLANG_WARN_DOCUMENTATION_COMMENTS = YES;
				CLANG_WARN_EMPTY_BODY = YES;
				CLANG_WARN_ENUM_CONVERSION = YES;
				CLANG_WARN_INFINITE_RECURSION = YES;
				CLANG_WARN_INT_CONVERSION = YES;
				CLANG_WARN_NON_LITERAL_NULL_CONVERSION = YES;
				CLANG_WARN_OBJC_IMPLICIT_RETAIN_SELF = YES;
				CLANG_WARN_OBJC_LITERAL_CONVERSION = YES;
				CLANG_WARN_OBJC_ROOT_CLASS = YES_ERROR;
				CLANG_WARN_QUOTED_INCLUDE_IN_FRAMEWORK_HEADER = YES;
				CLANG_WARN_RANGE_LOOP_ANALYSIS = YES;
				CLANG_WARN_STRICT_PROTOTYPES = YES;
				CLANG_WARN_SUSPICIOUS_MOVE = YES;
				CLANG_WARN_UNGUARDED_AVAILABILITY = YES_AGGRESSIVE;
				CLANG_WARN_UNREACHABLE_CODE = YES;
				CLANG_WARN__DUPLICATE_METHOD_MATCH = YES;
				COPY_PHASE_STRIP = NO;
				DEBUG_INFORMATION_FORMAT = dwarf;
				ENABLE_STRICT_OBJC_MSGSEND = YES;
				ENABLE_TESTABILITY = YES;
				ENABLE_USER_SCRIPT_SANDBOXING = YES;
				GCC_C_LANGUAGE_STANDARD = gnu17;
				GCC_DYNAMIC_NO_PIC = NO;
				GCC_NO_COMMON_BLOCKS = YES;
				GCC_OPTIMIZATION_LEVEL = 0;
				GCC_PREPROCESSOR_DEFINITIONS = (
					"DEBUG=1",
					"$(inherited)",
				);
				GCC_WARN_64_TO_32_BIT_CONVERSION = YES;
				GCC_WARN_ABOUT_RETURN_TYPE = YES_ERROR;
				GCC_WARN_UNDECLARED_SELECTOR = YES;
				GCC_WARN_UNINITIALIZED_AUTOS = YES_AGGRESSIVE;
				GCC_WARN_UNUSED_FUNCTION = YES;
				GCC_WARN_UNUSED_VARIABLE = YES;
				IPHONEOS_DEPLOYMENT_TARGET = 17.2;
				LOCALIZATION_PREFERS_STRING_CATALOGS = YES;
				MTL_ENABLE_DEBUG_INFO = INCLUDE_SOURCE;
				MTL_FAST_MATH = YES;
				ONLY_ACTIVE_ARCH = YES;
				SDKROOT = iphoneos;
				SWIFT_ACTIVE_COMPILATION_CONDITIONS = "DEBUG $(inherited)";
				SWIFT_OPTIMIZATION_LEVEL = "-Onone";
			};
			name = Debug;
		};
		61F35DFF2BFC9DF000204C90 /* Release */ = {
			isa = XCBuildConfiguration;
			buildSettings = {
				ALWAYS_SEARCH_USER_PATHS = NO;
				ASSETCATALOG_COMPILER_GENERATE_SWIFT_ASSET_SYMBOL_EXTENSIONS = YES;
				CLANG_ANALYZER_NONNULL = YES;
				CLANG_ANALYZER_NUMBER_OBJECT_CONVERSION = YES_AGGRESSIVE;
				CLANG_CXX_LANGUAGE_STANDARD = "gnu++20";
				CLANG_ENABLE_MODULES = YES;
				CLANG_ENABLE_OBJC_ARC = YES;
				CLANG_ENABLE_OBJC_WEAK = YES;
				CLANG_WARN_BLOCK_CAPTURE_AUTORELEASING = YES;
				CLANG_WARN_BOOL_CONVERSION = YES;
				CLANG_WARN_COMMA = YES;
				CLANG_WARN_CONSTANT_CONVERSION = YES;
				CLANG_WARN_DEPRECATED_OBJC_IMPLEMENTATIONS = YES;
				CLANG_WARN_DIRECT_OBJC_ISA_USAGE = YES_ERROR;
				CLANG_WARN_DOCUMENTATION_COMMENTS = YES;
				CLANG_WARN_EMPTY_BODY = YES;
				CLANG_WARN_ENUM_CONVERSION = YES;
				CLANG_WARN_INFINITE_RECURSION = YES;
				CLANG_WARN_INT_CONVERSION = YES;
				CLANG_WARN_NON_LITERAL_NULL_CONVERSION = YES;
				CLANG_WARN_OBJC_IMPLICIT_RETAIN_SELF = YES;
				CLANG_WARN_OBJC_LITERAL_CONVERSION = YES;
				CLANG_WARN_OBJC_ROOT_CLASS = YES_ERROR;
				CLANG_WARN_QUOTED_INCLUDE_IN_FRAMEWORK_HEADER = YES;
				CLANG_WARN_RANGE_LOOP_ANALYSIS = YES;
				CLANG_WARN_STRICT_PROTOTYPES = YES;
				CLANG_WARN_SUSPICIOUS_MOVE = YES;
				CLANG_WARN_UNGUARDED_AVAILABILITY = YES_AGGRESSIVE;
				CLANG_WARN_UNREACHABLE_CODE = YES;
				CLANG_WARN__DUPLICATE_METHOD_MATCH = YES;
				COPY_PHASE_STRIP = NO;
				DEBUG_INFORMATION_FORMAT = "dwarf-with-dsym";
				ENABLE_NS_ASSERTIONS = NO;
				ENABLE_STRICT_OBJC_MSGSEND = YES;
				ENABLE_USER_SCRIPT_SANDBOXING = YES;
				GCC_C_LANGUAGE_STANDARD = gnu17;
				GCC_NO_COMMON_BLOCKS = YES;
				GCC_WARN_64_TO_32_BIT_CONVERSION = YES;
				GCC_WARN_ABOUT_RETURN_TYPE = YES_ERROR;
				GCC_WARN_UNDECLARED_SELECTOR = YES;
				GCC_WARN_UNINITIALIZED_AUTOS = YES_AGGRESSIVE;
				GCC_WARN_UNUSED_FUNCTION = YES;
				GCC_WARN_UNUSED_VARIABLE = YES;
				IPHONEOS_DEPLOYMENT_TARGET = 17.2;
				LOCALIZATION_PREFERS_STRING_CATALOGS = YES;
				MTL_ENABLE_DEBUG_INFO = NO;
				MTL_FAST_MATH = YES;
				SDKROOT = iphoneos;
				SWIFT_COMPILATION_MODE = wholemodule;
				VALIDATE_PRODUCT = YES;
			};
			name = Release;
		};
		61F35E012BFC9DF000204C90 /* Debug */ = {
			isa = XCBuildConfiguration;
			buildSettings = {
				ASSETCATALOG_COMPILER_APPICON_NAME = AppIcon;
				ASSETCATALOG_COMPILER_GLOBAL_ACCENT_COLOR_NAME = AccentColor;
				CODE_SIGN_ENTITLEMENTS = "CBass Tests/CBass Tests.entitlements";
				"CODE_SIGN_IDENTITY[sdk=macosx*]" = "-";
				CODE_SIGN_STYLE = Automatic;
				CURRENT_PROJECT_VERSION = 1;
				DEVELOPMENT_ASSET_PATHS = "\"CBass Tests/Preview Content\"";
				DEVELOPMENT_TEAM = 9JF99T9A6L;
				ENABLE_PREVIEWS = YES;
				GENERATE_INFOPLIST_FILE = YES;
				INFOPLIST_KEY_UIApplicationSceneManifest_Generation = YES;
				INFOPLIST_KEY_UIApplicationSupportsIndirectInputEvents = YES;
				INFOPLIST_KEY_UILaunchScreen_Generation = YES;
				INFOPLIST_KEY_UISupportedInterfaceOrientations_iPad = "UIInterfaceOrientationPortrait UIInterfaceOrientationPortraitUpsideDown UIInterfaceOrientationLandscapeLeft UIInterfaceOrientationLandscapeRight";
				INFOPLIST_KEY_UISupportedInterfaceOrientations_iPhone = "UIInterfaceOrientationPortrait UIInterfaceOrientationLandscapeLeft UIInterfaceOrientationLandscapeRight";
				LD_RUNPATH_SEARCH_PATHS = (
					"$(inherited)",
					"@executable_path/Frameworks",
				);
				MARKETING_VERSION = 1.0;
				PRODUCT_BUNDLE_IDENTIFIER = "developer.Treata.Tests.CBass-Tests";
				PRODUCT_NAME = "$(TARGET_NAME)";
				SUPPORTED_PLATFORMS = "iphoneos iphonesimulator macosx";
				SUPPORTS_MACCATALYST = NO;
				SUPPORTS_MAC_DESIGNED_FOR_IPHONE_IPAD = NO;
				SWIFT_EMIT_LOC_STRINGS = YES;
				SWIFT_VERSION = 5.0;
				TARGETED_DEVICE_FAMILY = "1,2";
			};
			name = Debug;
		};
		61F35E022BFC9DF000204C90 /* Release */ = {
			isa = XCBuildConfiguration;
			buildSettings = {
				ASSETCATALOG_COMPILER_APPICON_NAME = AppIcon;
				ASSETCATALOG_COMPILER_GLOBAL_ACCENT_COLOR_NAME = AccentColor;
				CODE_SIGN_ENTITLEMENTS = "CBass Tests/CBass Tests.entitlements";
				"CODE_SIGN_IDENTITY[sdk=macosx*]" = "-";
				CODE_SIGN_STYLE = Automatic;
				CURRENT_PROJECT_VERSION = 1;
				DEVELOPMENT_ASSET_PATHS = "\"CBass Tests/Preview Content\"";
				DEVELOPMENT_TEAM = 9JF99T9A6L;
				ENABLE_PREVIEWS = YES;
				GENERATE_INFOPLIST_FILE = YES;
				INFOPLIST_KEY_UIApplicationSceneManifest_Generation = YES;
				INFOPLIST_KEY_UIApplicationSupportsIndirectInputEvents = YES;
				INFOPLIST_KEY_UILaunchScreen_Generation = YES;
				INFOPLIST_KEY_UISupportedInterfaceOrientations_iPad = "UIInterfaceOrientationPortrait UIInterfaceOrientationPortraitUpsideDown UIInterfaceOrientationLandscapeLeft UIInterfaceOrientationLandscapeRight";
				INFOPLIST_KEY_UISupportedInterfaceOrientations_iPhone = "UIInterfaceOrientationPortrait UIInterfaceOrientationLandscapeLeft UIInterfaceOrientationLandscapeRight";
				LD_RUNPATH_SEARCH_PATHS = (
					"$(inherited)",
					"@executable_path/Frameworks",
				);
				MARKETING_VERSION = 1.0;
				PRODUCT_BUNDLE_IDENTIFIER = "developer.Treata.Tests.CBass-Tests";
				PRODUCT_NAME = "$(TARGET_NAME)";
				SUPPORTED_PLATFORMS = "iphoneos iphonesimulator macosx";
				SUPPORTS_MACCATALYST = NO;
				SUPPORTS_MAC_DESIGNED_FOR_IPHONE_IPAD = NO;
				SWIFT_EMIT_LOC_STRINGS = YES;
				SWIFT_VERSION = 5.0;
				TARGETED_DEVICE_FAMILY = "1,2";
			};
			name = Release;
		};
/* End XCBuildConfiguration section */

/* Begin XCConfigurationList section */
		61F35DED2BFC9DEE00204C90 /* Build configuration list for PBXProject "CBass Tests" */ = {
			isa = XCConfigurationList;
			buildConfigurations = (
				61F35DFE2BFC9DF000204C90 /* Debug */,
				61F35DFF2BFC9DF000204C90 /* Release */,
			);
			defaultConfigurationIsVisible = 0;
			defaultConfigurationName = Release;
		};
		61F35E002BFC9DF000204C90 /* Build configuration list for PBXNativeTarget "CBass Tests" */ = {
			isa = XCConfigurationList;
			buildConfigurations = (
				61F35E012BFC9DF000204C90 /* Debug */,
				61F35E022BFC9DF000204C90 /* Release */,
			);
			defaultConfigurationIsVisible = 0;
			defaultConfigurationName = Release;
		};
/* End XCConfigurationList section */

/* Begin XCRemoteSwiftPackageReference section */
		611D53BC2C089F9800644846 /* XCRemoteSwiftPackageReference "CBass" */ = {
			isa = XCRemoteSwiftPackageReference;
			repositoryURL = "https://github.com/Treata11/CBass";
			requirement = {
				branch = main;
				kind = branch;
			};
		};
/* End XCRemoteSwiftPackageReference section */

/* Begin XCSwiftPackageProductDependency section */
		611D53BD2C089F9800644846 /* Bass */ = {
			isa = XCSwiftPackageProductDependency;
			package = 611D53BC2C089F9800644846 /* XCRemoteSwiftPackageReference "CBass" */;
			productName = Bass;
		};
		611D53BF2C089F9800644846 /* BassApe */ = {
			isa = XCSwiftPackageProductDependency;
			package = 611D53BC2C089F9800644846 /* XCRemoteSwiftPackageReference "CBass" */;
			productName = BassApe;
		};
		611D53C12C089F9800644846 /* BassDSD */ = {
			isa = XCSwiftPackageProductDependency;
			package = 611D53BC2C089F9800644846 /* XCRemoteSwiftPackageReference "CBass" */;
			productName = BassDSD;
		};
		611D53C32C089F9800644846 /* BassENC */ = {
			isa = XCSwiftPackageProductDependency;
			package = 611D53BC2C089F9800644846 /* XCRemoteSwiftPackageReference "CBass" */;
			productName = BassENC;
		};
		611D53C52C089F9800644846 /* BassENC.FLAC */ = {
			isa = XCSwiftPackageProductDependency;
			package = 611D53BC2C089F9800644846 /* XCRemoteSwiftPackageReference "CBass" */;
			productName = BassENC.FLAC;
		};
		611D53C72C089F9800644846 /* BassENC.MP3 */ = {
			isa = XCSwiftPackageProductDependency;
			package = 611D53BC2C089F9800644846 /* XCRemoteSwiftPackageReference "CBass" */;
			productName = BassENC.MP3;
		};
		611D53C92C089F9800644846 /* BassENC.OGG */ = {
			isa = XCSwiftPackageProductDependency;
			package = 611D53BC2C089F9800644846 /* XCRemoteSwiftPackageReference "CBass" */;
			productName = BassENC.OGG;
		};
		611D53CB2C089F9800644846 /* BassENC.Opus */ = {
			isa = XCSwiftPackageProductDependency;
			package = 611D53BC2C089F9800644846 /* XCRemoteSwiftPackageReference "CBass" */;
			productName = BassENC.Opus;
		};
		611D53CD2C089F9800644846 /* BassFX */ = {
			isa = XCSwiftPackageProductDependency;
			package = 611D53BC2C089F9800644846 /* XCRemoteSwiftPackageReference "CBass" */;
			productName = BassFX;
		};
		611D53CF2C089F9800644846 /* BassHLS */ = {
			isa = XCSwiftPackageProductDependency;
			package = 611D53BC2C089F9800644846 /* XCRemoteSwiftPackageReference "CBass" */;
			productName = BassHLS;
		};
		611D53D12C089F9800644846 /* BassLoud */ = {
			isa = XCSwiftPackageProductDependency;
			package = 611D53BC2C089F9800644846 /* XCRemoteSwiftPackageReference "CBass" */;
			productName = BassLoud;
		};
		611D53D32C089F9800644846 /* BassMIDI */ = {
			isa = XCSwiftPackageProductDependency;
			package = 611D53BC2C089F9800644846 /* XCRemoteSwiftPackageReference "CBass" */;
			productName = BassMIDI;
		};
		611D53D52C089F9800644846 /* BassMPC */ = {
			isa = XCSwiftPackageProductDependency;
			package = 611D53BC2C089F9800644846 /* XCRemoteSwiftPackageReference "CBass" */;
			productName = BassMPC;
		};
		611D53D72C089F9800644846 /* BassMix */ = {
			isa = XCSwiftPackageProductDependency;
			package = 611D53BC2C089F9800644846 /* XCRemoteSwiftPackageReference "CBass" */;
			productName = BassMix;
		};
		611D53D92C089F9800644846 /* BassOpus */ = {
			isa = XCSwiftPackageProductDependency;
			package = 611D53BC2C089F9800644846 /* XCRemoteSwiftPackageReference "CBass" */;
			productName = BassOpus;
		};
		611D53DB2C089F9800644846 /* BassSPX */ = {
			isa = XCSwiftPackageProductDependency;
			package = 611D53BC2C089F9800644846 /* XCRemoteSwiftPackageReference "CBass" */;
			productName = BassSPX;
		};
		611D53DD2C089F9800644846 /* BassTTA */ = {
			isa = XCSwiftPackageProductDependency;
			package = 611D53BC2C089F9800644846 /* XCRemoteSwiftPackageReference "CBass" */;
			productName = BassTTA;
		};
		611D53DF2C089F9800644846 /* BassVST */ = {
			isa = XCSwiftPackageProductDependency;
			package = 611D53BC2C089F9800644846 /* XCRemoteSwiftPackageReference "CBass" */;
			productName = BassVST;
		};
		611D53E12C089F9800644846 /* BassWV */ = {
			isa = XCSwiftPackageProductDependency;
			package = 611D53BC2C089F9800644846 /* XCRemoteSwiftPackageReference "CBass" */;
			productName = BassWV;
		};
		611D53E32C089F9800644846 /* BassWebM */ = {
			isa = XCSwiftPackageProductDependency;
			package = 611D53BC2C089F9800644846 /* XCRemoteSwiftPackageReference "CBass" */;
			productName = BassWebM;
		};
		611D53E52C089F9800644846 /* CBass */ = {
			isa = XCSwiftPackageProductDependency;
			package = 611D53BC2C089F9800644846 /* XCRemoteSwiftPackageReference "CBass" */;
			productName = CBass;
		};
		611D53E72C089F9800644846 /* Tags */ = {
			isa = XCSwiftPackageProductDependency;
			package = 611D53BC2C089F9800644846 /* XCRemoteSwiftPackageReference "CBass" */;
			productName = Tags;
		};
/* End XCSwiftPackageProductDependency section */
	};
	rootObject = 61F35DEA2BFC9DEE00204C90 /* Project object */;
}
